
Microsoft Visual Studio Solution File, Format Version 12.00
# Visual Studio Version 17
VisualStudioVersion = 17.0.31612.314
MinimumVisualStudioVersion = 10.0.40219.1
Project("{2150E333-8FDC-42A3-9474-1A3956D46DE8}") = "Model", "Model", "{E0F0B2D9-B55D-4E8E-858A-3F23F884C6FB}"
EndProject
Project("{2150E333-8FDC-42A3-9474-1A3956D46DE8}") = "Api", "Api", "{7BBCA8FE-BA04-4EDC-8396-1351AB2E3ABB}"
EndProject
Project("{2150E333-8FDC-42A3-9474-1A3956D46DE8}") = "Wpf", "Wpf", "{151558F4-2427-44EE-9DAE-96024F5D07DF}"
EndProject
Project("{2150E333-8FDC-42A3-9474-1A3956D46DE8}") = "Solution Items", "Solution Items", "{474A6176-F7E9-495B-AE41-078677DEC2F2}"
	ProjectSection(SolutionItems) = preProject
		.gitignore = .gitignore
	EndProjectSection
EndProject
Project("{9A19103F-16F7-4668-BE54-9A1E7A4F7556}") = "WpfWithWebApi.WebApi", "WpfWithWebApi\WebApi\WpfWithWebApi.WebApi.csproj", "{54F375D8-32C4-4C44-ABEF-A5B7D05F8340}"
EndProject
Project("{9A19103F-16F7-4668-BE54-9A1E7A4F7556}") = "WpfWithWebApi.Model", "WpfWithWebApi\Model\WpfWithWebApi.Model.csproj", "{9CCE1DAF-ADB3-4AF3-99E3-7EDD562F3CAC}"
EndProject
Project("{9A19103F-16F7-4668-BE54-9A1E7A4F7556}") = "WpfWithWebApi.Wpf", "WpfWithWebApi\WpfApp\WpfWithWebApi.Wpf.csproj", "{81351386-36E4-48B3-A406-E28202BA4714}"
EndProject
Global
	GlobalSection(SolutionConfigurationPlatforms) = preSolution
		Debug|Any CPU = Debug|Any CPU
		Debug|ARM = Debug|ARM
		Debug|ARM64 = Debug|ARM64
		Debug|x64 = Debug|x64
		Debug|x86 = Debug|x86
		Release|Any CPU = Release|Any CPU
		Release|ARM = Release|ARM
		Release|ARM64 = Release|ARM64
		Release|x64 = Release|x64
		Release|x86 = Release|x86
	EndGlobalSection
	GlobalSection(ProjectConfigurationPlatforms) = postSolution
		{54F375D8-32C4-4C44-ABEF-A5B7D05F8340}.Debug|Any CPU.ActiveCfg = Debug|Any CPU
		{54F375D8-32C4-4C44-ABEF-A5B7D05F8340}.Debug|Any CPU.Build.0 = Debug|Any CPU
		{54F375D8-32C4-4C44-ABEF-A5B7D05F8340}.Debug|ARM.ActiveCfg = Debug|Any CPU
		{54F375D8-32C4-4C44-ABEF-A5B7D05F8340}.Debug|ARM.Build.0 = Debug|Any CPU
		{54F375D8-32C4-4C44-ABEF-A5B7D05F8340}.Debug|ARM64.ActiveCfg = Debug|Any CPU
		{54F375D8-32C4-4C44-ABEF-A5B7D05F8340}.Debug|ARM64.Build.0 = Debug|Any CPU
		{54F375D8-32C4-4C44-ABEF-A5B7D05F8340}.Debug|x64.ActiveCfg = Debug|Any CPU
		{54F375D8-32C4-4C44-ABEF-A5B7D05F8340}.Debug|x64.Build.0 = Debug|Any CPU
		{54F375D8-32C4-4C44-ABEF-A5B7D05F8340}.Debug|x86.ActiveCfg = Debug|Any CPU
		{54F375D8-32C4-4C44-ABEF-A5B7D05F8340}.Debug|x86.Build.0 = Debug|Any CPU
		{54F375D8-32C4-4C44-ABEF-A5B7D05F8340}.Release|Any CPU.ActiveCfg = Release|Any CPU
		{54F375D8-32C4-4C44-ABEF-A5B7D05F8340}.Release|Any CPU.Build.0 = Release|Any CPU
		{54F375D8-32C4-4C44-ABEF-A5B7D05F8340}.Release|ARM.ActiveCfg = Release|Any CPU
		{54F375D8-32C4-4C44-ABEF-A5B7D05F8340}.Release|ARM.Build.0 = Release|Any CPU
		{54F375D8-32C4-4C44-ABEF-A5B7D05F8340}.Release|ARM64.ActiveCfg = Release|Any CPU
		{54F375D8-32C4-4C44-ABEF-A5B7D05F8340}.Release|ARM64.Build.0 = Release|Any CPU
		{54F375D8-32C4-4C44-ABEF-A5B7D05F8340}.Release|x64.ActiveCfg = Release|Any CPU
		{54F375D8-32C4-4C44-ABEF-A5B7D05F8340}.Release|x64.Build.0 = Release|Any CPU
		{54F375D8-32C4-4C44-ABEF-A5B7D05F8340}.Release|x86.ActiveCfg = Release|Any CPU
		{54F375D8-32C4-4C44-ABEF-A5B7D05F8340}.Release|x86.Build.0 = Release|Any CPU
		{9CCE1DAF-ADB3-4AF3-99E3-7EDD562F3CAC}.Debug|Any CPU.ActiveCfg = Debug|Any CPU
		{9CCE1DAF-ADB3-4AF3-99E3-7EDD562F3CAC}.Debug|Any CPU.Build.0 = Debug|Any CPU
		{9CCE1DAF-ADB3-4AF3-99E3-7EDD562F3CAC}.Debug|ARM.ActiveCfg = Debug|Any CPU
		{9CCE1DAF-ADB3-4AF3-99E3-7EDD562F3CAC}.Debug|ARM.Build.0 = Debug|Any CPU
		{9CCE1DAF-ADB3-4AF3-99E3-7EDD562F3CAC}.Debug|ARM64.ActiveCfg = Debug|Any CPU
		{9CCE1DAF-ADB3-4AF3-99E3-7EDD562F3CAC}.Debug|ARM64.Build.0 = Debug|Any CPU
		{9CCE1DAF-ADB3-4AF3-99E3-7EDD562F3CAC}.Debug|x64.ActiveCfg = Debug|Any CPU
		{9CCE1DAF-ADB3-4AF3-99E3-7EDD562F3CAC}.Debug|x64.Build.0 = Debug|Any CPU
		{9CCE1DAF-ADB3-4AF3-99E3-7EDD562F3CAC}.Debug|x86.ActiveCfg = Debug|Any CPU
		{9CCE1DAF-ADB3-4AF3-99E3-7EDD562F3CAC}.Debug|x86.Build.0 = Debug|Any CPU
		{9CCE1DAF-ADB3-4AF3-99E3-7EDD562F3CAC}.Release|Any CPU.ActiveCfg = Release|Any CPU
		{9CCE1DAF-ADB3-4AF3-99E3-7EDD562F3CAC}.Release|Any CPU.Build.0 = Release|Any CPU
		{9CCE1DAF-ADB3-4AF3-99E3-7EDD562F3CAC}.Release|ARM.ActiveCfg = Release|Any CPU
		{9CCE1DAF-ADB3-4AF3-99E3-7EDD562F3CAC}.Release|ARM.Build.0 = Release|Any CPU
		{9CCE1DAF-ADB3-4AF3-99E3-7EDD562F3CAC}.Release|ARM64.ActiveCfg = Release|Any CPU
		{9CCE1DAF-ADB3-4AF3-99E3-7EDD562F3CAC}.Release|ARM64.Build.0 = Release|Any CPU
		{9CCE1DAF-ADB3-4AF3-99E3-7EDD562F3CAC}.Release|x64.ActiveCfg = Release|Any CPU
		{9CCE1DAF-ADB3-4AF3-99E3-7EDD562F3CAC}.Release|x64.Build.0 = Release|Any CPU
		{9CCE1DAF-ADB3-4AF3-99E3-7EDD562F3CAC}.Release|x86.ActiveCfg = Release|Any CPU
		{9CCE1DAF-ADB3-4AF3-99E3-7EDD562F3CAC}.Release|x86.Build.0 = Release|Any CPU
		{81351386-36E4-48B3-A406-E28202BA4714}.Debug|Any CPU.ActiveCfg = Debug|Any CPU
		{81351386-36E4-48B3-A406-E28202BA4714}.Debug|Any CPU.Build.0 = Debug|Any CPU
		{81351386-36E4-48B3-A406-E28202BA4714}.Debug|ARM.ActiveCfg = Debug|Any CPU
		{81351386-36E4-48B3-A406-E28202BA4714}.Debug|ARM.Build.0 = Debug|Any CPU
		{81351386-36E4-48B3-A406-E28202BA4714}.Debug|ARM64.ActiveCfg = Debug|Any CPU
		{81351386-36E4-48B3-A406-E28202BA4714}.Debug|ARM64.Build.0 = Debug|Any CPU
		{81351386-36E4-48B3-A406-E28202BA4714}.Debug|x64.ActiveCfg = Debug|Any CPU
		{81351386-36E4-48B3-A406-E28202BA4714}.Debug|x64.Build.0 = Debug|Any CPU
		{81351386-36E4-48B3-A406-E28202BA4714}.Debug|x86.ActiveCfg = Debug|Any CPU
		{81351386-36E4-48B3-A406-E28202BA4714}.Debug|x86.Build.0 = Debug|Any CPU
		{81351386-36E4-48B3-A406-E28202BA4714}.Release|Any CPU.ActiveCfg = Release|Any CPU
		{81351386-36E4-48B3-A406-E28202BA4714}.Release|Any CPU.Build.0 = Release|Any CPU
		{81351386-36E4-48B3-A406-E28202BA4714}.Release|ARM.ActiveCfg = Release|Any CPU
		{81351386-36E4-48B3-A406-E28202BA4714}.Release|ARM.Build.0 = Release|Any CPU
		{81351386-36E4-48B3-A406-E28202BA4714}.Release|ARM64.ActiveCfg = Release|Any CPU
		{81351386-36E4-48B3-A406-E28202BA4714}.Release|ARM64.Build.0 = Release|Any CPU
		{81351386-36E4-48B3-A406-E28202BA4714}.Release|x64.ActiveCfg = Release|Any CPU
		{81351386-36E4-48B3-A406-E28202BA4714}.Release|x64.Build.0 = Release|Any CPU
		{81351386-36E4-48B3-A406-E28202BA4714}.Release|x86.ActiveCfg = Release|Any CPU
		{81351386-36E4-48B3-A406-E28202BA4714}.Release|x86.Build.0 = Release|Any CPU
	EndGlobalSection
	GlobalSection(SolutionProperties) = preSolution
		HideSolutionNode = FALSE
	EndGlobalSection
	GlobalSection(NestedProjects) = preSolution
		{54F375D8-32C4-4C44-ABEF-A5B7D05F8340} = {7BBCA8FE-BA04-4EDC-8396-1351AB2E3ABB}
		{9CCE1DAF-ADB3-4AF3-99E3-7EDD562F3CAC} = {E0F0B2D9-B55D-4E8E-858A-3F23F884C6FB}
		{81351386-36E4-48B3-A406-E28202BA4714} = {151558F4-2427-44EE-9DAE-96024F5D07DF}
	EndGlobalSection
	GlobalSection(ExtensibilityGlobals) = postSolution
		SolutionGuid = {84A08406-D69B-4EA4-B095-9B493BC06245}
	EndGlobalSection
EndGlobal
